
Microsoft Visual Studio Solution File, Format Version 11.00
# Visual Studio 2010
Project("{FAE04EC0-301F-11D3-BF4B-00C04F79EFBC}") = "WebApi.SelfHosted", "WebApi.SelfHosted\WebApi.SelfHosted.csproj", "{B60673D9-005E-4B09-A271-42CB33339936}"
EndProject
Project("{2150E333-8FDC-42A3-9474-1A3956D46DE8}") = ".nuget", ".nuget", "{57961732-27FA-40DF-8B0B-4BB4C260E3E2}"
	ProjectSection(SolutionItems) = preProject
		.nuget\NuGet.exe = .nuget\NuGet.exe
		.nuget\NuGet.targets = .nuget\NuGet.targets
	EndProjectSection
EndProject
Project("{FAE04EC0-301F-11D3-BF4B-00C04F79EFBC}") = "WebApi.MvcHosted", "WebApi.MvcHosted\WebApi.MvcHosted.csproj", "{13701C0B-6717-4E00-A028-7CD55F59D28D}"
EndProject
Project("{FAE04EC0-301F-11D3-BF4B-00C04F79EFBC}") = "WebApi.Common", "WebApi.Common\WebApi.Common.csproj", "{0A7165C9-781F-45EA-989C-880EC2F9D683}"
EndProject
Global
	GlobalSection(SolutionConfigurationPlatforms) = preSolution
		Debug|Any CPU = Debug|Any CPU
		Debug|Mixed Platforms = Debug|Mixed Platforms
		Debug|x86 = Debug|x86
		Release|Any CPU = Release|Any CPU
		Release|Mixed Platforms = Release|Mixed Platforms
		Release|x86 = Release|x86
	EndGlobalSection
	GlobalSection(ProjectConfigurationPlatforms) = postSolution
		{B60673D9-005E-4B09-A271-42CB33339936}.Debug|Any CPU.ActiveCfg = Debug|x86
		{B60673D9-005E-4B09-A271-42CB33339936}.Debug|Mixed Platforms.ActiveCfg = Debug|x86
		{B60673D9-005E-4B09-A271-42CB33339936}.Debug|Mixed Platforms.Build.0 = Debug|x86
		{B60673D9-005E-4B09-A271-42CB33339936}.Debug|x86.ActiveCfg = Debug|x86
		{B60673D9-005E-4B09-A271-42CB33339936}.Debug|x86.Build.0 = Debug|x86
		{B60673D9-005E-4B09-A271-42CB33339936}.Release|Any CPU.ActiveCfg = Release|x86
		{B60673D9-005E-4B09-A271-42CB33339936}.Release|Mixed Platforms.ActiveCfg = Release|x86
		{B60673D9-005E-4B09-A271-42CB33339936}.Release|Mixed Platforms.Build.0 = Release|x86
		{B60673D9-005E-4B09-A271-42CB33339936}.Release|x86.ActiveCfg = Release|x86
		{B60673D9-005E-4B09-A271-42CB33339936}.Release|x86.Build.0 = Release|x86
		{13701C0B-6717-4E00-A028-7CD55F59D28D}.Debug|Any CPU.ActiveCfg = Debug|Any CPU
		{13701C0B-6717-4E00-A028-7CD55F59D28D}.Debug|Any CPU.Build.0 = Debug|Any CPU
		{13701C0B-6717-4E00-A028-7CD55F59D28D}.Debug|Mixed Platforms.ActiveCfg = Debug|Any CPU
		{13701C0B-6717-4E00-A028-7CD55F59D28D}.Debug|Mixed Platforms.Build.0 = Debug|Any CPU
		{13701C0B-6717-4E00-A028-7CD55F59D28D}.Debug|x86.ActiveCfg = Debug|Any CPU
		{13701C0B-6717-4E00-A028-7CD55F59D28D}.Release|Any CPU.ActiveCfg = Release|Any CPU
		{13701C0B-6717-4E00-A028-7CD55F59D28D}.Release|Any CPU.Build.0 = Release|Any CPU
		{13701C0B-6717-4E00-A028-7CD55F59D28D}.Release|Mixed Platforms.ActiveCfg = Release|Any CPU
		{13701C0B-6717-4E00-A028-7CD55F59D28D}.Release|Mixed Platforms.Build.0 = Release|Any CPU
		{13701C0B-6717-4E00-A028-7CD55F59D28D}.Release|x86.ActiveCfg = Release|Any CPU
		{0A7165C9-781F-45EA-989C-880EC2F9D683}.Debug|Any CPU.ActiveCfg = Debug|Any CPU
		{0A7165C9-781F-45EA-989C-880EC2F9D683}.Debug|Any CPU.Build.0 = Debug|Any CPU
		{0A7165C9-781F-45EA-989C-880EC2F9D683}.Debug|Mixed Platforms.ActiveCfg = Debug|Any CPU
		{0A7165C9-781F-45EA-989C-880EC2F9D683}.Debug|Mixed Platforms.Build.0 = Debug|Any CPU
		{0A7165C9-781F-45EA-989C-880EC2F9D683}.Debug|x86.ActiveCfg = Debug|Any CPU
		{0A7165C9-781F-45EA-989C-880EC2F9D683}.Release|Any CPU.ActiveCfg = Release|Any CPU
		{0A7165C9-781F-45EA-989C-880EC2F9D683}.Release|Any CPU.Build.0 = Release|Any CPU
		{0A7165C9-781F-45EA-989C-880EC2F9D683}.Release|Mixed Platforms.ActiveCfg = Release|Any CPU
		{0A7165C9-781F-45EA-989C-880EC2F9D683}.Release|Mixed Platforms.Build.0 = Release|Any CPU
		{0A7165C9-781F-45EA-989C-880EC2F9D683}.Release|x86.ActiveCfg = Release|Any CPU
	EndGlobalSection
	GlobalSection(SolutionProperties) = preSolution
		HideSolutionNode = FALSE
	EndGlobalSection
EndGlobal
